
Microsoft Visual Studio Solution File, Format Version 12.00
# Visual Studio Version 17
VisualStudioVersion = 17.10.35122.118
MinimumVisualStudioVersion = 10.0.40219.1
Project("{8BC9CEB8-8B4A-11D0-8D11-00A0C91BC942}") = "Program", "Program.vcxproj", "{47C9B671-197B-4E41-8372-39CCD4BEF065}"
EndProject
Project("{8BC9CEB8-8B4A-11D0-8D11-00A0C91BC942}") = "Class 1th (Printf)", "..\Class1th (Printf)\Class1th (Printf).vcxproj", "{EA221000-F398-4DC9-BA75-10E299C6FBA9}"
EndProject
Project("{8BC9CEB8-8B4A-11D0-8D11-00A0C91BC942}") = "Class 2th (varable & constant)", "..\Class 2th (varable & constant)\Class 2th (varable & constant).vcxproj", "{28E56466-6D5B-4B60-9D47-B9A8D9D58C6E}"
EndProject
Project("{8BC9CEB8-8B4A-11D0-8D11-00A0C91BC942}") = "Class 3th (Bit)", "..\Class 3th (Bit)\Class 3th (Bit).vcxproj", "{3EADEB85-312B-4072-8CF2-B266BC5B81A2}"
EndProject
Project("{8BC9CEB8-8B4A-11D0-8D11-00A0C91BC942}") = "Class 4th (Overflow & Underflow)", "..\Class 4th (Overflow & Underflow)\Class 4th (Overflow & Underflow).vcxproj", "{2591EB7F-D6EB-4F62-8992-F5D5A4657E7C}"
EndProject
Project("{8BC9CEB8-8B4A-11D0-8D11-00A0C91BC942}") = "Class 5th (Conditional Statement)", "..\Class 5th (Conditional Statement)\Class 5th (Conditional Statement).vcxproj", "{8B788CEE-5600-4EB7-8F7A-72F763CAE781}"
EndProject
Project("{8BC9CEB8-8B4A-11D0-8D11-00A0C91BC942}") = "Class 6th (Iteration Statement)", "..\Class 6th (Iteration Statement)\Class 6th (Iteration Statement).vcxproj", "{B9E0E119-31F4-4AAE-A779-553221553856}"
EndProject
Project("{8BC9CEB8-8B4A-11D0-8D11-00A0C91BC942}") = "Class 7th (Type conversion)", "..\Class 7th (Type conversion)\Class 7th (Type conversion).vcxproj", "{00DFA643-64F6-4DA8-B010-5E54C2C9FE55}"
EndProject
Project("{8BC9CEB8-8B4A-11D0-8D11-00A0C91BC942}") = "Class 8th (pointer)", "..\Class 8th (pointer)\Class 8th (pointer).vcxproj", "{A3EC32DB-8652-4276-BD07-81D5DFD59C3F}"
EndProject
Project("{8BC9CEB8-8B4A-11D0-8D11-00A0C91BC942}") = "Class 9th (Array)", "..\Class 9th (Array)\Class 9th (Array).vcxproj", "{1955DCCB-B7EA-4818-9E58-B45EEC0CAFC0}"
EndProject
Project("{8BC9CEB8-8B4A-11D0-8D11-00A0C91BC942}") = "Class 10th (string)", "..\Class 10th (string)\Class 10th (string).vcxproj", "{21E7DF15-FB7D-433A-B35F-53B663568B45}"
EndProject
Project("{8BC9CEB8-8B4A-11D0-8D11-00A0C91BC942}") = "Class 11th (Function)", "..\Class 11th (Function)\Class 11th (Function).vcxproj", "{20A586A7-2953-4197-8053-1B8278CD318F}"
EndProject
Project("{8BC9CEB8-8B4A-11D0-8D11-00A0C91BC942}") = "Class 12th (Ascii Code)", "..\Class 12th (Ascii Code)\Class 12th (Ascii Code).vcxproj", "{06FA12F4-5899-45BE-9EB2-0EDF971F98C9}"
EndProject
Project("{8BC9CEB8-8B4A-11D0-8D11-00A0C91BC942}") = "Class 13th (Dynamic Allocation)", "..\Class 13th (Dynamic Allocation)\Class 13th (Dynamic Allocation).vcxproj", "{8A276361-2C7D-4539-A00E-4FDE8268F3FC}"
EndProject
Project("{8BC9CEB8-8B4A-11D0-8D11-00A0C91BC942}") = "Class 14th (Struct)", "..\Class 14th (Struct)\Class 14th (Struct).vcxproj", "{E4270C09-BD1B-4C4A-9A3C-91981B654AC9}"
EndProject
Global
	GlobalSection(SolutionConfigurationPlatforms) = preSolution
		Debug|x64 = Debug|x64
		Debug|x86 = Debug|x86
		Release|x64 = Release|x64
		Release|x86 = Release|x86
	EndGlobalSection
	GlobalSection(ProjectConfigurationPlatforms) = postSolution
		{47C9B671-197B-4E41-8372-39CCD4BEF065}.Debug|x64.ActiveCfg = Debug|x64
		{47C9B671-197B-4E41-8372-39CCD4BEF065}.Debug|x64.Build.0 = Debug|x64
		{47C9B671-197B-4E41-8372-39CCD4BEF065}.Debug|x86.ActiveCfg = Debug|Win32
		{47C9B671-197B-4E41-8372-39CCD4BEF065}.Debug|x86.Build.0 = Debug|Win32
		{47C9B671-197B-4E41-8372-39CCD4BEF065}.Release|x64.ActiveCfg = Release|x64
		{47C9B671-197B-4E41-8372-39CCD4BEF065}.Release|x64.Build.0 = Release|x64
		{47C9B671-197B-4E41-8372-39CCD4BEF065}.Release|x86.ActiveCfg = Release|Win32
		{47C9B671-197B-4E41-8372-39CCD4BEF065}.Release|x86.Build.0 = Release|Win32
		{EA221000-F398-4DC9-BA75-10E299C6FBA9}.Debug|x64.ActiveCfg = Debug|x64
		{EA221000-F398-4DC9-BA75-10E299C6FBA9}.Debug|x64.Build.0 = Debug|x64
		{EA221000-F398-4DC9-BA75-10E299C6FBA9}.Debug|x86.ActiveCfg = Debug|Win32
		{EA221000-F398-4DC9-BA75-10E299C6FBA9}.Debug|x86.Build.0 = Debug|Win32
		{EA221000-F398-4DC9-BA75-10E299C6FBA9}.Release|x64.ActiveCfg = Release|x64
		{EA221000-F398-4DC9-BA75-10E299C6FBA9}.Release|x64.Build.0 = Release|x64
		{EA221000-F398-4DC9-BA75-10E299C6FBA9}.Release|x86.ActiveCfg = Release|Win32
		{EA221000-F398-4DC9-BA75-10E299C6FBA9}.Release|x86.Build.0 = Release|Win32
		{28E56466-6D5B-4B60-9D47-B9A8D9D58C6E}.Debug|x64.ActiveCfg = Debug|x64
		{28E56466-6D5B-4B60-9D47-B9A8D9D58C6E}.Debug|x64.Build.0 = Debug|x64
		{28E56466-6D5B-4B60-9D47-B9A8D9D58C6E}.Debug|x86.ActiveCfg = Debug|Win32
		{28E56466-6D5B-4B60-9D47-B9A8D9D58C6E}.Debug|x86.Build.0 = Debug|Win32
		{28E56466-6D5B-4B60-9D47-B9A8D9D58C6E}.Release|x64.ActiveCfg = Release|x64
		{28E56466-6D5B-4B60-9D47-B9A8D9D58C6E}.Release|x64.Build.0 = Release|x64
		{28E56466-6D5B-4B60-9D47-B9A8D9D58C6E}.Release|x86.ActiveCfg = Release|Win32
		{28E56466-6D5B-4B60-9D47-B9A8D9D58C6E}.Release|x86.Build.0 = Release|Win32
		{3EADEB85-312B-4072-8CF2-B266BC5B81A2}.Debug|x64.ActiveCfg = Debug|x64
		{3EADEB85-312B-4072-8CF2-B266BC5B81A2}.Debug|x64.Build.0 = Debug|x64
		{3EADEB85-312B-4072-8CF2-B266BC5B81A2}.Debug|x86.ActiveCfg = Debug|Win32
		{3EADEB85-312B-4072-8CF2-B266BC5B81A2}.Debug|x86.Build.0 = Debug|Win32
		{3EADEB85-312B-4072-8CF2-B266BC5B81A2}.Release|x64.ActiveCfg = Release|x64
		{3EADEB85-312B-4072-8CF2-B266BC5B81A2}.Release|x64.Build.0 = Release|x64
		{3EADEB85-312B-4072-8CF2-B266BC5B81A2}.Release|x86.ActiveCfg = Release|Win32
		{3EADEB85-312B-4072-8CF2-B266BC5B81A2}.Release|x86.Build.0 = Release|Win32
		{2591EB7F-D6EB-4F62-8992-F5D5A4657E7C}.Debug|x64.ActiveCfg = Debug|x64
		{2591EB7F-D6EB-4F62-8992-F5D5A4657E7C}.Debug|x64.Build.0 = Debug|x64
		{2591EB7F-D6EB-4F62-8992-F5D5A4657E7C}.Debug|x86.ActiveCfg = Debug|Win32
		{2591EB7F-D6EB-4F62-8992-F5D5A4657E7C}.Debug|x86.Build.0 = Debug|Win32
		{2591EB7F-D6EB-4F62-8992-F5D5A4657E7C}.Release|x64.ActiveCfg = Release|x64
		{2591EB7F-D6EB-4F62-8992-F5D5A4657E7C}.Release|x64.Build.0 = Release|x64
		{2591EB7F-D6EB-4F62-8992-F5D5A4657E7C}.Release|x86.ActiveCfg = Release|Win32
		{2591EB7F-D6EB-4F62-8992-F5D5A4657E7C}.Release|x86.Build.0 = Release|Win32
		{8B788CEE-5600-4EB7-8F7A-72F763CAE781}.Debug|x64.ActiveCfg = Debug|x64
		{8B788CEE-5600-4EB7-8F7A-72F763CAE781}.Debug|x64.Build.0 = Debug|x64
		{8B788CEE-5600-4EB7-8F7A-72F763CAE781}.Debug|x86.ActiveCfg = Debug|Win32
		{8B788CEE-5600-4EB7-8F7A-72F763CAE781}.Debug|x86.Build.0 = Debug|Win32
		{8B788CEE-5600-4EB7-8F7A-72F763CAE781}.Release|x64.ActiveCfg = Release|x64
		{8B788CEE-5600-4EB7-8F7A-72F763CAE781}.Release|x64.Build.0 = Release|x64
		{8B788CEE-5600-4EB7-8F7A-72F763CAE781}.Release|x86.ActiveCfg = Release|Win32
		{8B788CEE-5600-4EB7-8F7A-72F763CAE781}.Release|x86.Build.0 = Release|Win32
		{B9E0E119-31F4-4AAE-A779-553221553856}.Debug|x64.ActiveCfg = Debug|x64
		{B9E0E119-31F4-4AAE-A779-553221553856}.Debug|x64.Build.0 = Debug|x64
		{B9E0E119-31F4-4AAE-A779-553221553856}.Debug|x86.ActiveCfg = Debug|Win32
		{B9E0E119-31F4-4AAE-A779-553221553856}.Debug|x86.Build.0 = Debug|Win32
		{B9E0E119-31F4-4AAE-A779-553221553856}.Release|x64.ActiveCfg = Release|x64
		{B9E0E119-31F4-4AAE-A779-553221553856}.Release|x64.Build.0 = Release|x64
		{B9E0E119-31F4-4AAE-A779-553221553856}.Release|x86.ActiveCfg = Release|Win32
		{B9E0E119-31F4-4AAE-A779-553221553856}.Release|x86.Build.0 = Release|Win32
		{00DFA643-64F6-4DA8-B010-5E54C2C9FE55}.Debug|x64.ActiveCfg = Debug|x64
		{00DFA643-64F6-4DA8-B010-5E54C2C9FE55}.Debug|x64.Build.0 = Debug|x64
		{00DFA643-64F6-4DA8-B010-5E54C2C9FE55}.Debug|x86.ActiveCfg = Debug|Win32
		{00DFA643-64F6-4DA8-B010-5E54C2C9FE55}.Debug|x86.Build.0 = Debug|Win32
		{00DFA643-64F6-4DA8-B010-5E54C2C9FE55}.Release|x64.ActiveCfg = Release|x64
		{00DFA643-64F6-4DA8-B010-5E54C2C9FE55}.Release|x64.Build.0 = Release|x64
		{00DFA643-64F6-4DA8-B010-5E54C2C9FE55}.Release|x86.ActiveCfg = Release|Win32
		{00DFA643-64F6-4DA8-B010-5E54C2C9FE55}.Release|x86.Build.0 = Release|Win32
		{A3EC32DB-8652-4276-BD07-81D5DFD59C3F}.Debug|x64.ActiveCfg = Debug|x64
		{A3EC32DB-8652-4276-BD07-81D5DFD59C3F}.Debug|x64.Build.0 = Debug|x64
		{A3EC32DB-8652-4276-BD07-81D5DFD59C3F}.Debug|x86.ActiveCfg = Debug|Win32
		{A3EC32DB-8652-4276-BD07-81D5DFD59C3F}.Debug|x86.Build.0 = Debug|Win32
		{A3EC32DB-8652-4276-BD07-81D5DFD59C3F}.Release|x64.ActiveCfg = Release|x64
		{A3EC32DB-8652-4276-BD07-81D5DFD59C3F}.Release|x64.Build.0 = Release|x64
		{A3EC32DB-8652-4276-BD07-81D5DFD59C3F}.Release|x86.ActiveCfg = Release|Win32
		{A3EC32DB-8652-4276-BD07-81D5DFD59C3F}.Release|x86.Build.0 = Release|Win32
		{1955DCCB-B7EA-4818-9E58-B45EEC0CAFC0}.Debug|x64.ActiveCfg = Debug|x64
		{1955DCCB-B7EA-4818-9E58-B45EEC0CAFC0}.Debug|x64.Build.0 = Debug|x64
		{1955DCCB-B7EA-4818-9E58-B45EEC0CAFC0}.Debug|x86.ActiveCfg = Debug|Win32
		{1955DCCB-B7EA-4818-9E58-B45EEC0CAFC0}.Debug|x86.Build.0 = Debug|Win32
		{1955DCCB-B7EA-4818-9E58-B45EEC0CAFC0}.Release|x64.ActiveCfg = Release|x64
		{1955DCCB-B7EA-4818-9E58-B45EEC0CAFC0}.Release|x64.Build.0 = Release|x64
		{1955DCCB-B7EA-4818-9E58-B45EEC0CAFC0}.Release|x86.ActiveCfg = Release|Win32
		{1955DCCB-B7EA-4818-9E58-B45EEC0CAFC0}.Release|x86.Build.0 = Release|Win32
		{21E7DF15-FB7D-433A-B35F-53B663568B45}.Debug|x64.ActiveCfg = Debug|x64
		{21E7DF15-FB7D-433A-B35F-53B663568B45}.Debug|x64.Build.0 = Debug|x64
		{21E7DF15-FB7D-433A-B35F-53B663568B45}.Debug|x86.ActiveCfg = Debug|Win32
		{21E7DF15-FB7D-433A-B35F-53B663568B45}.Debug|x86.Build.0 = Debug|Win32
		{21E7DF15-FB7D-433A-B35F-53B663568B45}.Release|x64.ActiveCfg = Release|x64
		{21E7DF15-FB7D-433A-B35F-53B663568B45}.Release|x64.Build.0 = Release|x64
		{21E7DF15-FB7D-433A-B35F-53B663568B45}.Release|x86.ActiveCfg = Release|Win32
		{21E7DF15-FB7D-433A-B35F-53B663568B45}.Release|x86.Build.0 = Release|Win32
		{20A586A7-2953-4197-8053-1B8278CD318F}.Debug|x64.ActiveCfg = Debug|x64
		{20A586A7-2953-4197-8053-1B8278CD318F}.Debug|x64.Build.0 = Debug|x64
		{20A586A7-2953-4197-8053-1B8278CD318F}.Debug|x86.ActiveCfg = Debug|Win32
		{20A586A7-2953-4197-8053-1B8278CD318F}.Debug|x86.Build.0 = Debug|Win32
		{20A586A7-2953-4197-8053-1B8278CD318F}.Release|x64.ActiveCfg = Release|x64
		{20A586A7-2953-4197-8053-1B8278CD318F}.Release|x64.Build.0 = Release|x64
		{20A586A7-2953-4197-8053-1B8278CD318F}.Release|x86.ActiveCfg = Release|Win32
		{20A586A7-2953-4197-8053-1B8278CD318F}.Release|x86.Build.0 = Release|Win32
		{06FA12F4-5899-45BE-9EB2-0EDF971F98C9}.Debug|x64.ActiveCfg = Debug|x64
		{06FA12F4-5899-45BE-9EB2-0EDF971F98C9}.Debug|x64.Build.0 = Debug|x64
		{06FA12F4-5899-45BE-9EB2-0EDF971F98C9}.Debug|x86.ActiveCfg = Debug|Win32
		{06FA12F4-5899-45BE-9EB2-0EDF971F98C9}.Debug|x86.Build.0 = Debug|Win32
		{06FA12F4-5899-45BE-9EB2-0EDF971F98C9}.Release|x64.ActiveCfg = Release|x64
		{06FA12F4-5899-45BE-9EB2-0EDF971F98C9}.Release|x64.Build.0 = Release|x64
		{06FA12F4-5899-45BE-9EB2-0EDF971F98C9}.Release|x86.ActiveCfg = Release|Win32
		{06FA12F4-5899-45BE-9EB2-0EDF971F98C9}.Release|x86.Build.0 = Release|Win32
		{8A276361-2C7D-4539-A00E-4FDE8268F3FC}.Debug|x64.ActiveCfg = Debug|x64
		{8A276361-2C7D-4539-A00E-4FDE8268F3FC}.Debug|x64.Build.0 = Debug|x64
		{8A276361-2C7D-4539-A00E-4FDE8268F3FC}.Debug|x86.ActiveCfg = Debug|Win32
		{8A276361-2C7D-4539-A00E-4FDE8268F3FC}.Debug|x86.Build.0 = Debug|Win32
		{8A276361-2C7D-4539-A00E-4FDE8268F3FC}.Release|x64.ActiveCfg = Release|x64
		{8A276361-2C7D-4539-A00E-4FDE8268F3FC}.Release|x64.Build.0 = Release|x64
		{8A276361-2C7D-4539-A00E-4FDE8268F3FC}.Release|x86.ActiveCfg = Release|Win32
		{8A276361-2C7D-4539-A00E-4FDE8268F3FC}.Release|x86.Build.0 = Release|Win32
		{E4270C09-BD1B-4C4A-9A3C-91981B654AC9}.Debug|x64.ActiveCfg = Debug|x64
		{E4270C09-BD1B-4C4A-9A3C-91981B654AC9}.Debug|x64.Build.0 = Debug|x64
		{E4270C09-BD1B-4C4A-9A3C-91981B654AC9}.Debug|x86.ActiveCfg = Debug|Win32
		{E4270C09-BD1B-4C4A-9A3C-91981B654AC9}.Debug|x86.Build.0 = Debug|Win32
		{E4270C09-BD1B-4C4A-9A3C-91981B654AC9}.Release|x64.ActiveCfg = Release|x64
		{E4270C09-BD1B-4C4A-9A3C-91981B654AC9}.Release|x64.Build.0 = Release|x64
		{E4270C09-BD1B-4C4A-9A3C-91981B654AC9}.Release|x86.ActiveCfg = Release|Win32
		{E4270C09-BD1B-4C4A-9A3C-91981B654AC9}.Release|x86.Build.0 = Release|Win32
	EndGlobalSection
	GlobalSection(SolutionProperties) = preSolution
		HideSolutionNode = FALSE
	EndGlobalSection
	GlobalSection(ExtensibilityGlobals) = postSolution
		SolutionGuid = {BEA0CF35-0D5D-4AF7-8FAD-C841AF0F71A2}
	EndGlobalSection
EndGlobal
